// !$*UTF8*$!
{
	archiveVersion = 1;
	classes = {
	};
	objectVersion = 46;
	objects = {

/* Begin PBXBuildFile section */
		7D5A572215E9E93F000BFEFB /* Foundation.framework in Frameworks */ = {isa = PBXBuildFile; fileRef = 7D5A572115E9E93F000BFEFB /* Foundation.framework */; };
		7D5A572715E9E93F000BFEFB /* MISKProductsRequest.h in CopyFiles */ = {isa = PBXBuildFile; fileRef = 7D5A572615E9E93F000BFEFB /* MISKProductsRequest.h */; };
		7D5A572915E9E93F000BFEFB /* MISKProductsRequest.m in Sources */ = {isa = PBXBuildFile; fileRef = 7D5A572815E9E93F000BFEFB /* MISKProductsRequest.m */; };
		7D5A573915E9E994000BFEFB /* UIKit.framework in Frameworks */ = {isa = PBXBuildFile; fileRef = 7D5A573815E9E994000BFEFB /* UIKit.framework */; };
		7D5A573A15E9E994000BFEFB /* Foundation.framework in Frameworks */ = {isa = PBXBuildFile; fileRef = 7D5A572115E9E93F000BFEFB /* Foundation.framework */; };
		7D5A573C15E9E994000BFEFB /* CoreGraphics.framework in Frameworks */ = {isa = PBXBuildFile; fileRef = 7D5A573B15E9E994000BFEFB /* CoreGraphics.framework */; };
		7D5A574215E9E994000BFEFB /* InfoPlist.strings in Resources */ = {isa = PBXBuildFile; fileRef = 7D5A574015E9E994000BFEFB /* InfoPlist.strings */; };
		7D5A574415E9E994000BFEFB /* main.m in Sources */ = {isa = PBXBuildFile; fileRef = 7D5A574315E9E994000BFEFB /* main.m */; };
		7D5A574E15E9E9BE000BFEFB /* StoreKit.framework in Frameworks */ = {isa = PBXBuildFile; fileRef = 7D5A574D15E9E9BE000BFEFB /* StoreKit.framework */; };
		7D5A574F15E9EBA3000BFEFB /* MISKProductsRequest.m in Sources */ = {isa = PBXBuildFile; fileRef = 7D5A572815E9E93F000BFEFB /* MISKProductsRequest.m */; };
		7D5A575E15E9ECE6000BFEFB /* MISKProductsRequestTest.m in Sources */ = {isa = PBXBuildFile; fileRef = 7D5A575D15E9ECE6000BFEFB /* MISKProductsRequestTest.m */; };
		7D5A576315E9F14A000BFEFB /* libPods.a in Frameworks */ = {isa = PBXBuildFile; fileRef = 7C46D4A551DB4A9391F42A83 /* libPods.a */; };
		B14257682CC248C2B8E48174 /* libPods.a in Frameworks */ = {isa = PBXBuildFile; fileRef = 7C46D4A551DB4A9391F42A83 /* libPods.a */; };
/* End PBXBuildFile section */

/* Begin PBXCopyFilesBuildPhase section */
		7D5A571C15E9E93F000BFEFB /* CopyFiles */ = {
			isa = PBXCopyFilesBuildPhase;
			buildActionMask = 2147483647;
			dstPath = "include/${PRODUCT_NAME}";
			dstSubfolderSpec = 16;
			files = (
				7D5A572715E9E93F000BFEFB /* MISKProductsRequest.h in CopyFiles */,
			);
			runOnlyForDeploymentPostprocessing = 0;
		};
/* End PBXCopyFilesBuildPhase section */

/* Begin PBXFileReference section */
		0A6DDE4EFABE4F2A9B5CA2E8 /* Pods.xcconfig */ = {isa = PBXFileReference; includeInIndex = 1; lastKnownFileType = text.xcconfig; name = Pods.xcconfig; path = Pods/Pods.xcconfig; sourceTree = SOURCE_ROOT; };
		7C46D4A551DB4A9391F42A83 /* libPods.a */ = {isa = PBXFileReference; explicitFileType = archive.ar; includeInIndex = 0; path = libPods.a; sourceTree = BUILT_PRODUCTS_DIR; };
		7D5A571E15E9E93F000BFEFB /* libMISKProductsRequest.a */ = {isa = PBXFileReference; explicitFileType = archive.ar; includeInIndex = 0; path = libMISKProductsRequest.a; sourceTree = BUILT_PRODUCTS_DIR; };
		7D5A572115E9E93F000BFEFB /* Foundation.framework */ = {isa = PBXFileReference; includeInIndex = 1; lastKnownFileType = wrapper.framework; name = Foundation.framework; path = System/Library/Frameworks/Foundation.framework; sourceTree = SDKROOT; };
		7D5A572515E9E93F000BFEFB /* MISKProductsRequest-Prefix.pch */ = {isa = PBXFileReference; lastKnownFileType = sourcecode.c.h; path = "MISKProductsRequest-Prefix.pch"; sourceTree = "<group>"; };
		7D5A572615E9E93F000BFEFB /* MISKProductsRequest.h */ = {isa = PBXFileReference; lastKnownFileType = sourcecode.c.h; path = MISKProductsRequest.h; sourceTree = "<group>"; };
		7D5A572815E9E93F000BFEFB /* MISKProductsRequest.m */ = {isa = PBXFileReference; lastKnownFileType = sourcecode.c.objc; path = MISKProductsRequest.m; sourceTree = "<group>"; };
		7D5A573615E9E994000BFEFB /* MISKProductsRequestTests.app */ = {isa = PBXFileReference; explicitFileType = wrapper.application; includeInIndex = 0; path = MISKProductsRequestTests.app; sourceTree = BUILT_PRODUCTS_DIR; };
		7D5A573815E9E994000BFEFB /* UIKit.framework */ = {isa = PBXFileReference; lastKnownFileType = wrapper.framework; name = UIKit.framework; path = System/Library/Frameworks/UIKit.framework; sourceTree = SDKROOT; };
		7D5A573B15E9E994000BFEFB /* CoreGraphics.framework */ = {isa = PBXFileReference; lastKnownFileType = wrapper.framework; name = CoreGraphics.framework; path = System/Library/Frameworks/CoreGraphics.framework; sourceTree = SDKROOT; };
		7D5A573F15E9E994000BFEFB /* MISKProductsRequestTests-Info.plist */ = {isa = PBXFileReference; lastKnownFileType = text.plist.xml; path = "MISKProductsRequestTests-Info.plist"; sourceTree = "<group>"; };
		7D5A574115E9E994000BFEFB /* en */ = {isa = PBXFileReference; lastKnownFileType = text.plist.strings; name = en; path = en.lproj/InfoPlist.strings; sourceTree = "<group>"; };
		7D5A574315E9E994000BFEFB /* main.m */ = {isa = PBXFileReference; lastKnownFileType = sourcecode.c.objc; path = main.m; sourceTree = "<group>"; };
		7D5A574515E9E994000BFEFB /* MISKProductsRequestTests-Prefix.pch */ = {isa = PBXFileReference; lastKnownFileType = sourcecode.c.h; path = "MISKProductsRequestTests-Prefix.pch"; sourceTree = "<group>"; };
		7D5A574D15E9E9BE000BFEFB /* StoreKit.framework */ = {isa = PBXFileReference; lastKnownFileType = wrapper.framework; name = StoreKit.framework; path = System/Library/Frameworks/StoreKit.framework; sourceTree = SDKROOT; };
		7D5A575D15E9ECE6000BFEFB /* MISKProductsRequestTest.m */ = {isa = PBXFileReference; fileEncoding = 4; lastKnownFileType = sourcecode.c.objc; path = MISKProductsRequestTest.m; sourceTree = "<group>"; };
/* End PBXFileReference section */

/* Begin PBXFrameworksBuildPhase section */
		7D5A571B15E9E93F000BFEFB /* Frameworks */ = {
			isa = PBXFrameworksBuildPhase;
			buildActionMask = 2147483647;
			files = (
				7D5A572215E9E93F000BFEFB /* Foundation.framework in Frameworks */,
				B14257682CC248C2B8E48174 /* libPods.a in Frameworks */,
			);
			runOnlyForDeploymentPostprocessing = 0;
		};
		7D5A573315E9E994000BFEFB /* Frameworks */ = {
			isa = PBXFrameworksBuildPhase;
			buildActionMask = 2147483647;
			files = (
				7D5A574E15E9E9BE000BFEFB /* StoreKit.framework in Frameworks */,
				7D5A573915E9E994000BFEFB /* UIKit.framework in Frameworks */,
				7D5A573A15E9E994000BFEFB /* Foundation.framework in Frameworks */,
				7D5A573C15E9E994000BFEFB /* CoreGraphics.framework in Frameworks */,
				7D5A576315E9F14A000BFEFB /* libPods.a in Frameworks */,
			);
			runOnlyForDeploymentPostprocessing = 0;
		};
/* End PBXFrameworksBuildPhase section */

/* Begin PBXGroup section */
		7D5A571315E9E93F000BFEFB = {
			isa = PBXGroup;
			children = (
				7D5A572315E9E93F000BFEFB /* MISKProductsRequest */,
				7D5A573D15E9E994000BFEFB /* MISKProductsRequestTests */,
				7D5A572015E9E93F000BFEFB /* Frameworks */,
				7D5A571F15E9E93F000BFEFB /* Products */,
				0A6DDE4EFABE4F2A9B5CA2E8 /* Pods.xcconfig */,
			);
			sourceTree = "<group>";
		};
		7D5A571F15E9E93F000BFEFB /* Products */ = {
			isa = PBXGroup;
			children = (
				7D5A571E15E9E93F000BFEFB /* libMISKProductsRequest.a */,
				7D5A573615E9E994000BFEFB /* MISKProductsRequestTests.app */,
			);
			name = Products;
			sourceTree = "<group>";
		};
		7D5A572015E9E93F000BFEFB /* Frameworks */ = {
			isa = PBXGroup;
			children = (
				7D5A574D15E9E9BE000BFEFB /* StoreKit.framework */,
				7D5A572115E9E93F000BFEFB /* Foundation.framework */,
				7D5A573815E9E994000BFEFB /* UIKit.framework */,
				7D5A573B15E9E994000BFEFB /* CoreGraphics.framework */,
				7C46D4A551DB4A9391F42A83 /* libPods.a */,
			);
			name = Frameworks;
			sourceTree = "<group>";
		};
		7D5A572315E9E93F000BFEFB /* MISKProductsRequest */ = {
			isa = PBXGroup;
			children = (
				7D5A572615E9E93F000BFEFB /* MISKProductsRequest.h */,
				7D5A572815E9E93F000BFEFB /* MISKProductsRequest.m */,
				7D5A572415E9E93F000BFEFB /* Supporting Files */,
			);
			path = MISKProductsRequest;
			sourceTree = "<group>";
		};
		7D5A572415E9E93F000BFEFB /* Supporting Files */ = {
			isa = PBXGroup;
			children = (
				7D5A572515E9E93F000BFEFB /* MISKProductsRequest-Prefix.pch */,
			);
			name = "Supporting Files";
			sourceTree = "<group>";
		};
		7D5A573D15E9E994000BFEFB /* MISKProductsRequestTests */ = {
			isa = PBXGroup;
			children = (
				7D5A573E15E9E994000BFEFB /* Supporting Files */,
				7D5A575D15E9ECE6000BFEFB /* MISKProductsRequestTest.m */,
			);
			path = MISKProductsRequestTests;
			sourceTree = "<group>";
		};
		7D5A573E15E9E994000BFEFB /* Supporting Files */ = {
			isa = PBXGroup;
			children = (
				7D5A573F15E9E994000BFEFB /* MISKProductsRequestTests-Info.plist */,
				7D5A574015E9E994000BFEFB /* InfoPlist.strings */,
				7D5A574315E9E994000BFEFB /* main.m */,
				7D5A574515E9E994000BFEFB /* MISKProductsRequestTests-Prefix.pch */,
			);
			name = "Supporting Files";
			sourceTree = "<group>";
		};
/* End PBXGroup section */

/* Begin PBXNativeTarget section */
		7D5A571D15E9E93F000BFEFB /* MISKProductsRequest */ = {
			isa = PBXNativeTarget;
			buildConfigurationList = 7D5A572C15E9E93F000BFEFB /* Build configuration list for PBXNativeTarget "MISKProductsRequest" */;
			buildPhases = (
				7D5A571A15E9E93F000BFEFB /* Sources */,
				7D5A571B15E9E93F000BFEFB /* Frameworks */,
				7D5A571C15E9E93F000BFEFB /* CopyFiles */,
				3DA7BD3DE47A4B1C917BB233 /* Copy Pods Resources */,
			);
			buildRules = (
			);
			dependencies = (
			);
			name = MISKProductsRequest;
			productName = MISKProductsRequest;
			productReference = 7D5A571E15E9E93F000BFEFB /* libMISKProductsRequest.a */;
			productType = "com.apple.product-type.library.static";
		};
		7D5A573515E9E994000BFEFB /* MISKProductsRequestTests */ = {
			isa = PBXNativeTarget;
			buildConfigurationList = 7D5A574B15E9E994000BFEFB /* Build configuration list for PBXNativeTarget "MISKProductsRequestTests" */;
			buildPhases = (
				7D5A573215E9E994000BFEFB /* Sources */,
				7D5A573315E9E994000BFEFB /* Frameworks */,
				7D5A573415E9E994000BFEFB /* Resources */,
			);
			buildRules = (
			);
			dependencies = (
			);
			name = MISKProductsRequestTests;
			productName = MISKProductsRequestTests;
			productReference = 7D5A573615E9E994000BFEFB /* MISKProductsRequestTests.app */;
			productType = "com.apple.product-type.application";
		};
/* End PBXNativeTarget section */

/* Begin PBXProject section */
		7D5A571515E9E93F000BFEFB /* Project object */ = {
			isa = PBXProject;
			attributes = {
				LastUpgradeCheck = 0440;
				ORGANIZATIONNAME = "Masaru Ichikawa";
			};
			buildConfigurationList = 7D5A571815E9E93F000BFEFB /* Build configuration list for PBXProject "MISKProductsRequest" */;
			compatibilityVersion = "Xcode 3.2";
			developmentRegion = English;
			hasScannedForEncodings = 0;
			knownRegions = (
				en,
			);
			mainGroup = 7D5A571315E9E93F000BFEFB;
			productRefGroup = 7D5A571F15E9E93F000BFEFB /* Products */;
			projectDirPath = "";
			projectRoot = "";
			targets = (
				7D5A571D15E9E93F000BFEFB /* MISKProductsRequest */,
				7D5A573515E9E994000BFEFB /* MISKProductsRequestTests */,
			);
		};
/* End PBXProject section */

/* Begin PBXResourcesBuildPhase section */
		7D5A573415E9E994000BFEFB /* Resources */ = {
			isa = PBXResourcesBuildPhase;
			buildActionMask = 2147483647;
			files = (
				7D5A574215E9E994000BFEFB /* InfoPlist.strings in Resources */,
			);
			runOnlyForDeploymentPostprocessing = 0;
		};
/* End PBXResourcesBuildPhase section */

/* Begin PBXShellScriptBuildPhase section */
		3DA7BD3DE47A4B1C917BB233 /* Copy Pods Resources */ = {
			isa = PBXShellScriptBuildPhase;
			buildActionMask = 2147483647;
			files = (
			);
			inputPaths = (
			);
			name = "Copy Pods Resources";
			outputPaths = (
			);
			runOnlyForDeploymentPostprocessing = 0;
			shellPath = /bin/sh;
			shellScript = "\"${SRCROOT}/Pods/Pods-resources.sh\"\n";
		};
/* End PBXShellScriptBuildPhase section */

/* Begin PBXSourcesBuildPhase section */
		7D5A571A15E9E93F000BFEFB /* Sources */ = {
			isa = PBXSourcesBuildPhase;
			buildActionMask = 2147483647;
			files = (
				7D5A572915E9E93F000BFEFB /* MISKProductsRequest.m in Sources */,
			);
			runOnlyForDeploymentPostprocessing = 0;
		};
		7D5A573215E9E994000BFEFB /* Sources */ = {
			isa = PBXSourcesBuildPhase;
			buildActionMask = 2147483647;
			files = (
				7D5A574415E9E994000BFEFB /* main.m in Sources */,
				7D5A574F15E9EBA3000BFEFB /* MISKProductsRequest.m in Sources */,
				7D5A575E15E9ECE6000BFEFB /* MISKProductsRequestTest.m in Sources */,
			);
			runOnlyForDeploymentPostprocessing = 0;
		};
/* End PBXSourcesBuildPhase section */

/* Begin PBXVariantGroup section */
		7D5A574015E9E994000BFEFB /* InfoPlist.strings */ = {
			isa = PBXVariantGroup;
			children = (
				7D5A574115E9E994000BFEFB /* en */,
			);
			name = InfoPlist.strings;
			sourceTree = "<group>";
		};
/* End PBXVariantGroup section */

/* Begin XCBuildConfiguration section */
		7D5A572A15E9E93F000BFEFB /* Debug */ = {
			isa = XCBuildConfiguration;
			buildSettings = {
				ALWAYS_SEARCH_USER_PATHS = NO;
				ARCHS = "$(ARCHS_STANDARD_32_BIT)";
				CLANG_CXX_LANGUAGE_STANDARD = "gnu++0x";
				CLANG_WARN__DUPLICATE_METHOD_MATCH = YES;
				COPY_PHASE_STRIP = NO;
				GCC_C_LANGUAGE_STANDARD = gnu99;
				GCC_DYNAMIC_NO_PIC = NO;
				GCC_OPTIMIZATION_LEVEL = 0;
				GCC_PREPROCESSOR_DEFINITIONS = (
					"DEBUG=1",
					"$(inherited)",
				);
				GCC_SYMBOLS_PRIVATE_EXTERN = NO;
				GCC_VERSION = com.apple.compilers.llvm.clang.1_0;
				GCC_WARN_ABOUT_RETURN_TYPE = YES;
				GCC_WARN_UNINITIALIZED_AUTOS = YES;
				GCC_WARN_UNUSED_VARIABLE = YES;
				IPHONEOS_DEPLOYMENT_TARGET = 5.1;
				SDKROOT = iphoneos;
			};
			name = Debug;
		};
		7D5A572B15E9E93F000BFEFB /* Release */ = {
			isa = XCBuildConfiguration;
			buildSettings = {
				ALWAYS_SEARCH_USER_PATHS = NO;
				ARCHS = "$(ARCHS_STANDARD_32_BIT)";
				CLANG_CXX_LANGUAGE_STANDARD = "gnu++0x";
				CLANG_WARN__DUPLICATE_METHOD_MATCH = YES;
				COPY_PHASE_STRIP = YES;
				GCC_C_LANGUAGE_STANDARD = gnu99;
				GCC_VERSION = com.apple.compilers.llvm.clang.1_0;
				GCC_WARN_ABOUT_RETURN_TYPE = YES;
				GCC_WARN_UNINITIALIZED_AUTOS = YES;
				GCC_WARN_UNUSED_VARIABLE = YES;
				IPHONEOS_DEPLOYMENT_TARGET = 5.1;
				SDKROOT = iphoneos;
				VALIDATE_PRODUCT = YES;
			};
			name = Release;
		};
		7D5A572D15E9E93F000BFEFB /* Debug */ = {
			isa = XCBuildConfiguration;
			buildSettings = {
				DSTROOT = /tmp/MISKProductsRequest.dst;
				GCC_PRECOMPILE_PREFIX_HEADER = YES;
				GCC_PREFIX_HEADER = "MISKProductsRequest/MISKProductsRequest-Prefix.pch";
				OTHER_LDFLAGS = "-ObjC";
				PRODUCT_NAME = "$(TARGET_NAME)";
				SKIP_INSTALL = YES;
			};
			name = Debug;
		};
		7D5A572E15E9E93F000BFEFB /* Release */ = {
			isa = XCBuildConfiguration;
			buildSettings = {
				DSTROOT = /tmp/MISKProductsRequest.dst;
				GCC_PRECOMPILE_PREFIX_HEADER = YES;
				GCC_PREFIX_HEADER = "MISKProductsRequest/MISKProductsRequest-Prefix.pch";
				OTHER_LDFLAGS = "-ObjC";
				PRODUCT_NAME = "$(TARGET_NAME)";
				SKIP_INSTALL = YES;
			};
			name = Release;
		};
		7D5A574915E9E994000BFEFB /* Debug */ = {
			isa = XCBuildConfiguration;
			baseConfigurationReference = 0A6DDE4EFABE4F2A9B5CA2E8 /* Pods.xcconfig */;
			buildSettings = {
				"CODE_SIGN_IDENTITY[sdk=iphoneos*]" = "iPhone Developer";
				GCC_PRECOMPILE_PREFIX_HEADER = YES;
				GCC_PREFIX_HEADER = "MISKProductsRequestTests/MISKProductsRequestTests-Prefix.pch";
				INFOPLIST_FILE = "MISKProductsRequestTests/MISKProductsRequestTests-Info.plist";
				PRODUCT_NAME = "$(TARGET_NAME)";
				WRAPPER_EXTENSION = app;
			};
			name = Debug;
		};
		7D5A574A15E9E994000BFEFB /* Release */ = {
			isa = XCBuildConfiguration;
			baseConfigurationReference = 0A6DDE4EFABE4F2A9B5CA2E8 /* Pods.xcconfig */;
			buildSettings = {
				"CODE_SIGN_IDENTITY[sdk=iphoneos*]" = "iPhone Developer";
				GCC_PRECOMPILE_PREFIX_HEADER = YES;
				GCC_PREFIX_HEADER = "MISKProductsRequestTests/MISKProductsRequestTests-Prefix.pch";
				INFOPLIST_FILE = "MISKProductsRequestTests/MISKProductsRequestTests-Info.plist";
				OTHER_CFLAGS = "-DNS_BLOCK_ASSERTIONS=1";
				PRODUCT_NAME = "$(TARGET_NAME)";
				WRAPPER_EXTENSION = app;
			};
			name = Release;
		};
/* End XCBuildConfiguration section */

/* Begin XCConfigurationList section */
		7D5A571815E9E93F000BFEFB /* Build configuration list for PBXProject "MISKProductsRequest" */ = {
			isa = XCConfigurationList;
			buildConfigurations = (
				7D5A572A15E9E93F000BFEFB /* Debug */,
				7D5A572B15E9E93F000BFEFB /* Release */,
			);
			defaultConfigurationIsVisible = 0;
			defaultConfigurationName = Release;
		};
		7D5A572C15E9E93F000BFEFB /* Build configuration list for PBXNativeTarget "MISKProductsRequest" */ = {
			isa = XCConfigurationList;
			buildConfigurations = (
				7D5A572D15E9E93F000BFEFB /* Debug */,
				7D5A572E15E9E93F000BFEFB /* Release */,
			);
			defaultConfigurationIsVisible = 0;
			defaultConfigurationName = Release;
		};
		7D5A574B15E9E994000BFEFB /* Build configuration list for PBXNativeTarget "MISKProductsRequestTests" */ = {
			isa = XCConfigurationList;
			buildConfigurations = (
				7D5A574915E9E994000BFEFB /* Debug */,
				7D5A574A15E9E994000BFEFB /* Release */,
			);
			defaultConfigurationIsVisible = 0;
			defaultConfigurationName = Release;
		};
/* End XCConfigurationList section */
	};
	rootObject = 7D5A571515E9E93F000BFEFB /* Project object */;
}
